
Microsoft Visual Studio Solution File, Format Version 12.00
# Visual Studio Version 17
VisualStudioVersion = 17.5.33516.290
MinimumVisualStudioVersion = 10.0.40219.1
Project("{9A19103F-16F7-4668-BE54-9A1E7A4F7556}") = "AnimalDarling", "AnimalDarling\AnimalDarling.csproj", "{56AAE1A1-8FB1-4EE4-8699-151071B90045}"
EndProject
Global
	GlobalSection(SolutionConfigurationPlatforms) = preSolution
		Debug|Any CPU = Debug|Any CPU
		Release|Any CPU = Release|Any CPU
	EndGlobalSection
	GlobalSection(ProjectConfigurationPlatforms) = postSolution
		{56AAE1A1-8FB1-4EE4-8699-151071B90045}.Debug|Any CPU.ActiveCfg = Debug|Any CPU
		{56AAE1A1-8FB1-4EE4-8699-151071B90045}.Debug|Any CPU.Build.0 = Debug|Any CPU
		{56AAE1A1-8FB1-4EE4-8699-151071B90045}.Debug|Any CPU.Deploy.0 = Debug|Any CPU
		{56AAE1A1-8FB1-4EE4-8699-151071B90045}.Release|Any CPU.ActiveCfg = Release|Any CPU
		{56AAE1A1-8FB1-4EE4-8699-151071B90045}.Release|Any CPU.Build.0 = Release|Any CPU
		{56AAE1A1-8FB1-4EE4-8699-151071B90045}.Release|Any CPU.Deploy.0 = Release|Any CPU
	EndGlobalSection
	GlobalSection(SolutionProperties) = preSolution
		HideSolutionNode = FALSE
	EndGlobalSection
	GlobalSection(ExtensibilityGlobals) = postSolution
		SolutionGuid = {86B8336E-7423-412F-B164-6FDD9C4AA346}
	EndGlobalSection
EndGlobal
